{
  "name": "nvim",
  "lockfileVersion": 2,
  "requires": true,
  "packages": {
    "": {
      "dependencies": {
        "gopls": "^0.0.1-security.5"
      }
    },
    "node_modules/gopls": {
      "version": "0.0.1-security.5",
      "resolved": "https://registry.npmjs.org/gopls/-/gopls-0.0.1-security.5.tgz",
      "integrity": "sha512-AC6akRk+67zEaElPORAjE9Aru2kGpXrBHWbk2+9B07PSuFh/gj+bwp+yGCuXw4QYqGdutHWh7xISqw9DxAZDEw=="
    }
  },
  "dependencies": {
    "gopls": {
      "version": "0.0.1-security.5",
      "resolved": "https://registry.npmjs.org/gopls/-/gopls-0.0.1-security.5.tgz",
      "integrity": "sha512-AC6akRk+67zEaElPORAjE9Aru2kGpXrBHWbk2+9B07PSuFh/gj+bwp+yGCuXw4QYqGdutHWh7xISqw9DxAZDEw=="
    }
  }
}
